
Microsoft Visual Studio Solution File, Format Version 12.00
# Visual Studio Version 16
VisualStudioVersion = 16.0.31729.503
MinimumVisualStudioVersion = 10.0.40219.1
Project("{FAE04EC0-301F-11D3-BF4B-00C04F79EFBC}") = "NeOlacakKiBu", "NeOlacakKiBu\NeOlacakKiBu.csproj", "{BCB1BCE5-A6A2-47A4-8564-E217E31AE716}"
EndProject
Project("{FAE04EC0-301F-11D3-BF4B-00C04F79EFBC}") = "DataAccessLayer", "DataAccessLayer\DataAccessLayer.csproj", "{394F527E-D714-4B07-AEC7-4D463AEF05DF}"
EndProject
Global
	GlobalSection(SolutionConfigurationPlatforms) = preSolution
		Debug|Any CPU = Debug|Any CPU
		Release|Any CPU = Release|Any CPU
	EndGlobalSection
	GlobalSection(ProjectConfigurationPlatforms) = postSolution
		{BCB1BCE5-A6A2-47A4-8564-E217E31AE716}.Debug|Any CPU.ActiveCfg = Debug|Any CPU
		{BCB1BCE5-A6A2-47A4-8564-E217E31AE716}.Debug|Any CPU.Build.0 = Debug|Any CPU
		{BCB1BCE5-A6A2-47A4-8564-E217E31AE716}.Release|Any CPU.ActiveCfg = Release|Any CPU
		{BCB1BCE5-A6A2-47A4-8564-E217E31AE716}.Release|Any CPU.Build.0 = Release|Any CPU
		{394F527E-D714-4B07-AEC7-4D463AEF05DF}.Debug|Any CPU.ActiveCfg = Debug|Any CPU
		{394F527E-D714-4B07-AEC7-4D463AEF05DF}.Debug|Any CPU.Build.0 = Debug|Any CPU
		{394F527E-D714-4B07-AEC7-4D463AEF05DF}.Release|Any CPU.ActiveCfg = Release|Any CPU
		{394F527E-D714-4B07-AEC7-4D463AEF05DF}.Release|Any CPU.Build.0 = Release|Any CPU
	EndGlobalSection
	GlobalSection(SolutionProperties) = preSolution
		HideSolutionNode = FALSE
	EndGlobalSection
	GlobalSection(ExtensibilityGlobals) = postSolution
		SolutionGuid = {58EAFFB9-4477-4334-A9ED-BB519A08C349}
	EndGlobalSection
EndGlobal
